PODS:
  - lottie-ios (3.1.6)
  - Realm (3.20.0):
    - Realm/Headers (= 3.20.0)
  - Realm/Headers (3.20.0)
  - RealmSwift (3.20.0):
    - Realm (= 3.20.0)
  - RxCocoa (5.1.1):
    - RxRelay (~> 5)
    - RxSwift (~> 5)
  - RxRelay (5.1.1):
    - RxSwift (~> 5)
  - RxSwift (5.1.1)
  - SwiftSoup (2.3.1)

DEPENDENCIES:
  - lottie-ios
  - RealmSwift (~> 3.20.0)
  - RxCocoa
  - RxSwift
  - SwiftSoup

SPEC REPOS:
  trunk:
    - lottie-ios
    - Realm
    - RealmSwift
    - RxCocoa
    - RxRelay
    - RxSwift
    - SwiftSoup

SPEC CHECKSUMS:
  lottie-ios: 85ce835dd8c53e02509f20729fc7d6a4e6645a0a
  Realm: 8b2ca5bc6479a91f379b6b42b5922e396cd5ba5a
  RealmSwift: 1949ef26a279e1845bd51d591b9103adfcd121df
  RxCocoa: 32065309a38d29b5b0db858819b5bf9ef038b601
  RxRelay: d77f7d771495f43c556cbc43eebd1bb54d01e8e9
  RxSwift: 81470a2074fa8780320ea5fe4102807cb7118178
  SwiftSoup: e5af192bc99be8398d5f93e15ff6a3c80ba81de1

PODFILE CHECKSUM: 559cc4781db0c8acc8d96160a8e282e56a7ea664

COCOAPODS: 1.8.4
